
Microsoft Visual Studio Solution File, Format Version 12.00
# Visual Studio Version 16
VisualStudioVersion = 16.0.28803.452
MinimumVisualStudioVersion = 10.0.40219.1
Project("{FAE04EC0-301F-11D3-BF4B-00C04F79EFBC}") = "FIgureSquare", "FigureSquare\FIgureSquare.csproj", "{F69EB0BD-5005-44B6-A807-545B59DC47A5}"
EndProject
Project("{9A19103F-16F7-4668-BE54-9A1E7A4F7556}") = "ThirdTask", "ThirdTask\ThirdTask.csproj", "{23F3D827-ED4A-4799-93E3-9248280B8FE1}"
EndProject
Project("{FAE04EC0-301F-11D3-BF4B-00C04F79EFBC}") = "Training", "..\Training\Training.csproj", "{97FC4B86-EE72-4603-84BC-2DE31588A447}"
EndProject
Global
	GlobalSection(SolutionConfigurationPlatforms) = preSolution
		Debug|Any CPU = Debug|Any CPU
		Release|Any CPU = Release|Any CPU
	EndGlobalSection
	GlobalSection(ProjectConfigurationPlatforms) = postSolution
		{F69EB0BD-5005-44B6-A807-545B59DC47A5}.Debug|Any CPU.ActiveCfg = Debug|Any CPU
		{F69EB0BD-5005-44B6-A807-545B59DC47A5}.Debug|Any CPU.Build.0 = Debug|Any CPU
		{F69EB0BD-5005-44B6-A807-545B59DC47A5}.Release|Any CPU.ActiveCfg = Release|Any CPU
		{F69EB0BD-5005-44B6-A807-545B59DC47A5}.Release|Any CPU.Build.0 = Release|Any CPU
		{23F3D827-ED4A-4799-93E3-9248280B8FE1}.Debug|Any CPU.ActiveCfg = Debug|Any CPU
		{23F3D827-ED4A-4799-93E3-9248280B8FE1}.Debug|Any CPU.Build.0 = Debug|Any CPU
		{23F3D827-ED4A-4799-93E3-9248280B8FE1}.Release|Any CPU.ActiveCfg = Release|Any CPU
		{23F3D827-ED4A-4799-93E3-9248280B8FE1}.Release|Any CPU.Build.0 = Release|Any CPU
		{97FC4B86-EE72-4603-84BC-2DE31588A447}.Debug|Any CPU.ActiveCfg = Debug|Any CPU
		{97FC4B86-EE72-4603-84BC-2DE31588A447}.Debug|Any CPU.Build.0 = Debug|Any CPU
		{97FC4B86-EE72-4603-84BC-2DE31588A447}.Release|Any CPU.ActiveCfg = Release|Any CPU
		{97FC4B86-EE72-4603-84BC-2DE31588A447}.Release|Any CPU.Build.0 = Release|Any CPU
	EndGlobalSection
	GlobalSection(SolutionProperties) = preSolution
		HideSolutionNode = FALSE
	EndGlobalSection
	GlobalSection(ExtensibilityGlobals) = postSolution
		SolutionGuid = {A2EFFCD4-205F-4C1A-B6C5-940ADC8EE9D5}
	EndGlobalSection
EndGlobal
